
Microsoft Visual Studio Solution File, Format Version 12.00
# Visual Studio 15
VisualStudioVersion = 15.0.26730.16
MinimumVisualStudioVersion = 10.0.40219.1
Project("{8BC9CEB8-8B4A-11D0-8D11-00A0C91BC942}") = "dfs", "dfs\dfs.vcxproj", "{99F293F9-5F60-4BA1-BD1B-DCAE51B7F8DE}"
EndProject
Global
	GlobalSection(SolutionConfigurationPlatforms) = preSolution
		Debug|x64 = Debug|x64
		Debug|x86 = Debug|x86
		Release|x64 = Release|x64
		Release|x86 = Release|x86
	EndGlobalSection
	GlobalSection(ProjectConfigurationPlatforms) = postSolution
		{99F293F9-5F60-4BA1-BD1B-DCAE51B7F8DE}.Debug|x64.ActiveCfg = Debug|x64
		{99F293F9-5F60-4BA1-BD1B-DCAE51B7F8DE}.Debug|x64.Build.0 = Debug|x64
		{99F293F9-5F60-4BA1-BD1B-DCAE51B7F8DE}.Debug|x86.ActiveCfg = Debug|Win32
		{99F293F9-5F60-4BA1-BD1B-DCAE51B7F8DE}.Debug|x86.Build.0 = Debug|Win32
		{99F293F9-5F60-4BA1-BD1B-DCAE51B7F8DE}.Release|x64.ActiveCfg = Release|x64
		{99F293F9-5F60-4BA1-BD1B-DCAE51B7F8DE}.Release|x64.Build.0 = Release|x64
		{99F293F9-5F60-4BA1-BD1B-DCAE51B7F8DE}.Release|x86.ActiveCfg = Release|Win32
		{99F293F9-5F60-4BA1-BD1B-DCAE51B7F8DE}.Release|x86.Build.0 = Release|Win32
	EndGlobalSection
	GlobalSection(SolutionProperties) = preSolution
		HideSolutionNode = FALSE
	EndGlobalSection
	GlobalSection(ExtensibilityGlobals) = postSolution
		SolutionGuid = {DD00F13E-4C6E-4037-93BF-18FFCEB0E9E6}
	EndGlobalSection
EndGlobal
